// !$*UTF8*$!
{
	archiveVersion = 1;
	classes = {
	};
	objectVersion = 46;
	objects = {

/* Begin PBXBuildFile section */
		E2609A7A1901A0F4001EF080 /* TCFunction.m in Sources */ = {isa = PBXBuildFile; fileRef = E2609A791901A0F4001EF080 /* TCFunction.m */; };
		E2609A7D1901A18D001EF080 /* TCmallocFunction.m in Sources */ = {isa = PBXBuildFile; fileRef = E2609A7C1901A18D001EF080 /* TCmallocFunction.m */; };
		E2609A811901A34E001EF080 /* TCfreeFunction.m in Sources */ = {isa = PBXBuildFile; fileRef = E2609A801901A34E001EF080 /* TCfreeFunction.m */; };
		E2609A841901A3B0001EF080 /* TCprintfFunction.m in Sources */ = {isa = PBXBuildFile; fileRef = E2609A831901A3B0001EF080 /* TCprintfFunction.m */; };
		E2609A891901B13E001EF080 /* TC_arrayFunction.m in Sources */ = {isa = PBXBuildFile; fileRef = E2609A881901B13E001EF080 /* TC_arrayFunction.m */; };
		E262FDCD18F8478400DFC135 /* Foundation.framework in Frameworks */ = {isa = PBXBuildFile; fileRef = E262FDCC18F8478400DFC135 /* Foundation.framework */; };
		E262FDD018F8478400DFC135 /* main.m in Sources */ = {isa = PBXBuildFile; fileRef = E262FDCF18F8478400DFC135 /* main.m */; };
		E262FDFD18F847BA00DFC135 /* TCAssignmentParser.m in Sources */ = {isa = PBXBuildFile; fileRef = E262FDDD18F847BA00DFC135 /* TCAssignmentParser.m */; };
		E262FDFE18F847BA00DFC135 /* TCExecutionContext.m in Sources */ = {isa = PBXBuildFile; fileRef = E262FDDF18F847BA00DFC135 /* TCExecutionContext.m */; };
		E262FDFF18F847BA00DFC135 /* TCDeclarationParser.m in Sources */ = {isa = PBXBuildFile; fileRef = E262FDE118F847BA00DFC135 /* TCDeclarationParser.m */; };
		E262FE0018F847BA00DFC135 /* TCError.m in Sources */ = {isa = PBXBuildFile; fileRef = E262FDE318F847BA00DFC135 /* TCError.m */; };
		E262FE0118F847BA00DFC135 /* TCExpression.m in Sources */ = {isa = PBXBuildFile; fileRef = E262FDE518F847BA00DFC135 /* TCExpression.m */; };
		E262FE0218F847BA00DFC135 /* TCExpressionInterpreter.m in Sources */ = {isa = PBXBuildFile; fileRef = E262FDE718F847BA00DFC135 /* TCExpressionInterpreter.m */; };
		E262FE0318F847BA00DFC135 /* TCExpressionParser.m in Sources */ = {isa = PBXBuildFile; fileRef = E262FDE918F847BA00DFC135 /* TCExpressionParser.m */; };
		E262FE0418F847BA00DFC135 /* TCIfParser.m in Sources */ = {isa = PBXBuildFile; fileRef = E262FDEB18F847BA00DFC135 /* TCIfParser.m */; };
		E262FE0518F847BA00DFC135 /* TCModuleParser.m in Sources */ = {isa = PBXBuildFile; fileRef = E262FDED18F847BA00DFC135 /* TCModuleParser.m */; };
		E262FE0618F847BA00DFC135 /* TCLexicalScanner.m in Sources */ = {isa = PBXBuildFile; fileRef = E262FDEF18F847BA00DFC135 /* TCLexicalScanner.m */; };
		E262FE0718F847BA00DFC135 /* TCStatementParser.m in Sources */ = {isa = PBXBuildFile; fileRef = E262FDF118F847BA00DFC135 /* TCStatementParser.m */; };
		E262FE0818F847BA00DFC135 /* TCRuntimeSymbol.m in Sources */ = {isa = PBXBuildFile; fileRef = E262FDF318F847BA00DFC135 /* TCRuntimeSymbol.m */; };
		E262FE0918F847BA00DFC135 /* TCRuntimeSymbolTable.m in Sources */ = {isa = PBXBuildFile; fileRef = E262FDF518F847BA00DFC135 /* TCRuntimeSymbolTable.m */; };
		E262FE0A18F847BA00DFC135 /* TCSyntaxNode.m in Sources */ = {isa = PBXBuildFile; fileRef = E262FDF718F847BA00DFC135 /* TCSyntaxNode.m */; };
		E262FE0B18F847BA00DFC135 /* TCToken.m in Sources */ = {isa = PBXBuildFile; fileRef = E262FDF918F847BA00DFC135 /* TCToken.m */; };
		E262FE0C18F847BA00DFC135 /* TCValue.m in Sources */ = {isa = PBXBuildFile; fileRef = E262FDFB18F847BA00DFC135 /* TCValue.m */; };
		E262FE1018F8481000DFC135 /* TinyC.m in Sources */ = {isa = PBXBuildFile; fileRef = E262FE0F18F8481000DFC135 /* TinyC.m */; };
		E262FE1618F8645300DFC135 /* NSString+NSStringFormatting.m in Sources */ = {isa = PBXBuildFile; fileRef = E262FE1518F8645300DFC135 /* NSString+NSStringFormatting.m */; };
		E262FE1718FADCB400DFC135 /* TinyC in CopyFiles */ = {isa = PBXBuildFile; fileRef = E262FDC918F8478400DFC135 /* TinyC */; };
		E262FE1B18FC2BE700DFC135 /* TCStorageManager.m in Sources */ = {isa = PBXBuildFile; fileRef = E262FE1A18FC2BE700DFC135 /* TCStorageManager.m */; };
		E26BFC581AD31C9100C6B7F7 /* TCstrlenFunction.m in Sources */ = {isa = PBXBuildFile; fileRef = E26BFC571AD31C9100C6B7F7 /* TCstrlenFunction.m */; };
		E26BFC5A1AD31CAE00C6B7F7 /* TCstrlenFunction.h in Sources */ = {isa = PBXBuildFile; fileRef = E26BFC591AD31CAE00C6B7F7 /* TCstrlenFunction.h */; };
		E275AF441906C967004BFE38 /* TCassertFunction.m in Sources */ = {isa = PBXBuildFile; fileRef = E275AF431906C967004BFE38 /* TCassertFunction.m */; };
		E28F23DA1926843A00251790 /* TCSymbolTableManager.m in Sources */ = {isa = PBXBuildFile; fileRef = E28F23D91926843A00251790 /* TCSymbolTableManager.m */; };
		E2900C7E1912B7E900730BFB /* TCrandomFunction.m in Sources */ = {isa = PBXBuildFile; fileRef = E2900C7D1912B7E900730BFB /* TCrandomFunction.m */; };
		E2929C701925483200D652D6 /* TCSymbol.m in Sources */ = {isa = PBXBuildFile; fileRef = E2929C6F1925483200D652D6 /* TCSymbol.m */; };
		E2929C7319254BAF00D652D6 /* TCSymbolTable.m in Sources */ = {isa = PBXBuildFile; fileRef = E2929C7219254BAF00D652D6 /* TCSymbolTable.m */; };
		E297A57818FEBC92009C7EDC /* TCTypeParser.m in Sources */ = {isa = PBXBuildFile; fileRef = E297A57718FEBC92009C7EDC /* TCTypeParser.m */; };
/* End PBXBuildFile section */

/* Begin PBXCopyFilesBuildPhase section */
		E262FDC718F8478400DFC135 /* CopyFiles */ = {
			isa = PBXCopyFilesBuildPhase;
			buildActionMask = 12;
			dstPath = /usr/local/bin;
			dstSubfolderSpec = 0;
			files = (
				E262FE1718FADCB400DFC135 /* TinyC in CopyFiles */,
			);
			runOnlyForDeploymentPostprocessing = 0;
		};
/* End PBXCopyFilesBuildPhase section */

/* Begin PBXFileReference section */
		E2609A781901A0F4001EF080 /* TCFunction.h */ = {isa = PBXFileReference; fileEncoding = 4; lastKnownFileType = sourcecode.c.h; path = TCFunction.h; sourceTree = "<group>"; };
		E2609A791901A0F4001EF080 /* TCFunction.m */ = {isa = PBXFileReference; fileEncoding = 4; lastKnownFileType = sourcecode.c.objc; path = TCFunction.m; sourceTree = "<group>"; };
		E2609A7B1901A18D001EF080 /* TCmallocFunction.h */ = {isa = PBXFileReference; fileEncoding = 4; lastKnownFileType = sourcecode.c.h; path = TCmallocFunction.h; sourceTree = "<group>"; };
		E2609A7C1901A18D001EF080 /* TCmallocFunction.m */ = {isa = PBXFileReference; fileEncoding = 4; lastKnownFileType = sourcecode.c.objc; path = TCmallocFunction.m; sourceTree = "<group>"; };
		E2609A7F1901A34E001EF080 /* TCfreeFunction.h */ = {isa = PBXFileReference; fileEncoding = 4; lastKnownFileType = sourcecode.c.h; path = TCfreeFunction.h; sourceTree = "<group>"; };
		E2609A801901A34E001EF080 /* TCfreeFunction.m */ = {isa = PBXFileReference; fileEncoding = 4; lastKnownFileType = sourcecode.c.objc; path = TCfreeFunction.m; sourceTree = "<group>"; };
		E2609A821901A3B0001EF080 /* TCprintfFunction.h */ = {isa = PBXFileReference; fileEncoding = 4; lastKnownFileType = sourcecode.c.h; path = TCprintfFunction.h; sourceTree = "<group>"; };
		E2609A831901A3B0001EF080 /* TCprintfFunction.m */ = {isa = PBXFileReference; fileEncoding = 4; lastKnownFileType = sourcecode.c.objc; path = TCprintfFunction.m; sourceTree = "<group>"; };
		E2609A871901B13E001EF080 /* TC_arrayFunction.h */ = {isa = PBXFileReference; fileEncoding = 4; lastKnownFileType = sourcecode.c.h; path = TC_arrayFunction.h; sourceTree = "<group>"; };
		E2609A881901B13E001EF080 /* TC_arrayFunction.m */ = {isa = PBXFileReference; fileEncoding = 4; lastKnownFileType = sourcecode.c.objc; path = TC_arrayFunction.m; sourceTree = "<group>"; };
		E262FDC918F8478400DFC135 /* TinyC */ = {isa = PBXFileReference; explicitFileType = "compiled.mach-o.executable"; includeInIndex = 0; path = TinyC; sourceTree = BUILT_PRODUCTS_DIR; };
		E262FDCC18F8478400DFC135 /* Foundation.framework */ = {isa = PBXFileReference; lastKnownFileType = wrapper.framework; name = Foundation.framework; path = System/Library/Frameworks/Foundation.framework; sourceTree = SDKROOT; };
		E262FDCF18F8478400DFC135 /* main.m */ = {isa = PBXFileReference; lastKnownFileType = sourcecode.c.objc; path = main.m; sourceTree = "<group>"; };
		E262FDD218F8478400DFC135 /* TinyC-Prefix.pch */ = {isa = PBXFileReference; lastKnownFileType = sourcecode.c.h; path = "TinyC-Prefix.pch"; sourceTree = "<group>"; };
		E262FDD318F8478400DFC135 /* TinyC.1 */ = {isa = PBXFileReference; lastKnownFileType = text.man; path = TinyC.1; sourceTree = "<group>"; };
		E262FDDA18F847BA00DFC135 /* DevNotes.txt */ = {isa = PBXFileReference; fileEncoding = 4; lastKnownFileType = text; path = DevNotes.txt; sourceTree = "<group>"; };
		E262FDDC18F847BA00DFC135 /* TCAssignmentParser.h */ = {isa = PBXFileReference; fileEncoding = 4; lastKnownFileType = sourcecode.c.h; path = TCAssignmentParser.h; sourceTree = "<group>"; };
		E262FDDD18F847BA00DFC135 /* TCAssignmentParser.m */ = {isa = PBXFileReference; fileEncoding = 4; lastKnownFileType = sourcecode.c.objc; path = TCAssignmentParser.m; sourceTree = "<group>"; };
		E262FDDE18F847BA00DFC135 /* TCExecutionContext.h */ = {isa = PBXFileReference; fileEncoding = 4; lastKnownFileType = sourcecode.c.h; path = TCExecutionContext.h; sourceTree = "<group>"; };
		E262FDDF18F847BA00DFC135 /* TCExecutionContext.m */ = {isa = PBXFileReference; fileEncoding = 4; lastKnownFileType = sourcecode.c.objc; path = TCExecutionContext.m; sourceTree = "<group>"; };
		E262FDE018F847BA00DFC135 /* TCDeclarationParser.h */ = {isa = PBXFileReference; fileEncoding = 4; lastKnownFileType = sourcecode.c.h; path = TCDeclarationParser.h; sourceTree = "<group>"; };
		E262FDE118F847BA00DFC135 /* TCDeclarationParser.m */ = {isa = PBXFileReference; fileEncoding = 4; lastKnownFileType = sourcecode.c.objc; path = TCDeclarationParser.m; sourceTree = "<group>"; };
		E262FDE218F847BA00DFC135 /* TCError.h */ = {isa = PBXFileReference; fileEncoding = 4; lastKnownFileType = sourcecode.c.h; path = TCError.h; sourceTree = "<group>"; };
		E262FDE318F847BA00DFC135 /* TCError.m */ = {isa = PBXFileReference; fileEncoding = 4; lastKnownFileType = sourcecode.c.objc; path = TCError.m; sourceTree = "<group>"; };
		E262FDE418F847BA00DFC135 /* TCExpression.h */ = {isa = PBXFileReference; fileEncoding = 4; lastKnownFileType = sourcecode.c.h; path = TCExpression.h; sourceTree = "<group>"; };
		E262FDE518F847BA00DFC135 /* TCExpression.m */ = {isa = PBXFileReference; fileEncoding = 4; lastKnownFileType = sourcecode.c.objc; path = TCExpression.m; sourceTree = "<group>"; };
		E262FDE618F847BA00DFC135 /* TCExpressionInterpreter.h */ = {isa = PBXFileReference; fileEncoding = 4; lastKnownFileType = sourcecode.c.h; path = TCExpressionInterpreter.h; sourceTree = "<group>"; };
		E262FDE718F847BA00DFC135 /* TCExpressionInterpreter.m */ = {isa = PBXFileReference; fileEncoding = 4; lastKnownFileType = sourcecode.c.objc; path = TCExpressionInterpreter.m; sourceTree = "<group>"; };
		E262FDE818F847BA00DFC135 /* TCExpressionParser.h */ = {isa = PBXFileReference; fileEncoding = 4; lastKnownFileType = sourcecode.c.h; path = TCExpressionParser.h; sourceTree = "<group>"; };
		E262FDE918F847BA00DFC135 /* TCExpressionParser.m */ = {isa = PBXFileReference; fileEncoding = 4; lastKnownFileType = sourcecode.c.objc; path = TCExpressionParser.m; sourceTree = "<group>"; };
		E262FDEA18F847BA00DFC135 /* TCIfParser.h */ = {isa = PBXFileReference; fileEncoding = 4; lastKnownFileType = sourcecode.c.h; path = TCIfParser.h; sourceTree = "<group>"; };
		E262FDEB18F847BA00DFC135 /* TCIfParser.m */ = {isa = PBXFileReference; fileEncoding = 4; lastKnownFileType = sourcecode.c.objc; path = TCIfParser.m; sourceTree = "<group>"; };
		E262FDEC18F847BA00DFC135 /* TCModuleParser.h */ = {isa = PBXFileReference; fileEncoding = 4; lastKnownFileType = sourcecode.c.h; path = TCModuleParser.h; sourceTree = "<group>"; };
		E262FDED18F847BA00DFC135 /* TCModuleParser.m */ = {isa = PBXFileReference; fileEncoding = 4; lastKnownFileType = sourcecode.c.objc; path = TCModuleParser.m; sourceTree = "<group>"; };
		E262FDEE18F847BA00DFC135 /* TCLexicalScanner.h */ = {isa = PBXFileReference; fileEncoding = 4; lastKnownFileType = sourcecode.c.h; path = TCLexicalScanner.h; sourceTree = "<group>"; };
		E262FDEF18F847BA00DFC135 /* TCLexicalScanner.m */ = {isa = PBXFileReference; fileEncoding = 4; lastKnownFileType = sourcecode.c.objc; path = TCLexicalScanner.m; sourceTree = "<group>"; };
		E262FDF018F847BA00DFC135 /* TCStatementParser.h */ = {isa = PBXFileReference; fileEncoding = 4; lastKnownFileType = sourcecode.c.h; path = TCStatementParser.h; sourceTree = "<group>"; };
		E262FDF118F847BA00DFC135 /* TCStatementParser.m */ = {isa = PBXFileReference; fileEncoding = 4; lastKnownFileType = sourcecode.c.objc; path = TCStatementParser.m; sourceTree = "<group>"; };
		E262FDF218F847BA00DFC135 /* TCRuntimeSymbol.h */ = {isa = PBXFileReference; fileEncoding = 4; lastKnownFileType = sourcecode.c.h; path = TCRuntimeSymbol.h; sourceTree = "<group>"; };
		E262FDF318F847BA00DFC135 /* TCRuntimeSymbol.m */ = {isa = PBXFileReference; fileEncoding = 4; lastKnownFileType = sourcecode.c.objc; path = TCRuntimeSymbol.m; sourceTree = "<group>"; };
		E262FDF418F847BA00DFC135 /* TCRuntimeSymbolTable.h */ = {isa = PBXFileReference; fileEncoding = 4; lastKnownFileType = sourcecode.c.h; path = TCRuntimeSymbolTable.h; sourceTree = "<group>"; };
		E262FDF518F847BA00DFC135 /* TCRuntimeSymbolTable.m */ = {isa = PBXFileReference; fileEncoding = 4; lastKnownFileType = sourcecode.c.objc; path = TCRuntimeSymbolTable.m; sourceTree = "<group>"; };
		E262FDF618F847BA00DFC135 /* TCSyntaxNode.h */ = {isa = PBXFileReference; fileEncoding = 4; lastKnownFileType = sourcecode.c.h; path = TCSyntaxNode.h; sourceTree = "<group>"; };
		E262FDF718F847BA00DFC135 /* TCSyntaxNode.m */ = {isa = PBXFileReference; fileEncoding = 4; lastKnownFileType = sourcecode.c.objc; path = TCSyntaxNode.m; sourceTree = "<group>"; };
		E262FDF818F847BA00DFC135 /* TCToken.h */ = {isa = PBXFileReference; fileEncoding = 4; lastKnownFileType = sourcecode.c.h; path = TCToken.h; sourceTree = "<group>"; };
		E262FDF918F847BA00DFC135 /* TCToken.m */ = {isa = PBXFileReference; fileEncoding = 4; lastKnownFileType = sourcecode.c.objc; path = TCToken.m; sourceTree = "<group>"; };
		E262FDFA18F847BA00DFC135 /* TCValue.h */ = {isa = PBXFileReference; fileEncoding = 4; lastKnownFileType = sourcecode.c.h; path = TCValue.h; sourceTree = "<group>"; };
		E262FDFB18F847BA00DFC135 /* TCValue.m */ = {isa = PBXFileReference; fileEncoding = 4; lastKnownFileType = sourcecode.c.objc; path = TCValue.m; sourceTree = "<group>"; };
		E262FE0E18F8481000DFC135 /* TinyC.h */ = {isa = PBXFileReference; fileEncoding = 4; lastKnownFileType = sourcecode.c.h; path = TinyC.h; sourceTree = "<group>"; };
		E262FE0F18F8481000DFC135 /* TinyC.m */ = {isa = PBXFileReference; fileEncoding = 4; lastKnownFileType = sourcecode.c.objc; path = TinyC.m; sourceTree = "<group>"; };
		E262FE1418F8645300DFC135 /* NSString+NSStringFormatting.h */ = {isa = PBXFileReference; fileEncoding = 4; lastKnownFileType = sourcecode.c.h; path = "NSString+NSStringFormatting.h"; sourceTree = "<group>"; };
		E262FE1518F8645300DFC135 /* NSString+NSStringFormatting.m */ = {isa = PBXFileReference; fileEncoding = 4; lastKnownFileType = sourcecode.c.objc; path = "NSString+NSStringFormatting.m"; sourceTree = "<group>"; };
		E262FE1918FC2BE700DFC135 /* TCStorageManager.h */ = {isa = PBXFileReference; fileEncoding = 4; lastKnownFileType = sourcecode.c.h; name = TCStorageManager.h; path = ../TCStorageManager.h; sourceTree = "<group>"; };
		E262FE1A18FC2BE700DFC135 /* TCStorageManager.m */ = {isa = PBXFileReference; fileEncoding = 4; lastKnownFileType = sourcecode.c.objc; name = TCStorageManager.m; path = ../TCStorageManager.m; sourceTree = "<group>"; };
		E26BFC571AD31C9100C6B7F7 /* TCstrlenFunction.m */ = {isa = PBXFileReference; fileEncoding = 4; lastKnownFileType = sourcecode.c.objc; path = TCstrlenFunction.m; sourceTree = "<group>"; };
		E26BFC591AD31CAE00C6B7F7 /* TCstrlenFunction.h */ = {isa = PBXFileReference; fileEncoding = 4; lastKnownFileType = sourcecode.c.h; path = TCstrlenFunction.h; sourceTree = "<group>"; };
		E275AF421906C967004BFE38 /* TCassertFunction.h */ = {isa = PBXFileReference; fileEncoding = 4; lastKnownFileType = sourcecode.c.h; path = TCassertFunction.h; sourceTree = "<group>"; };
		E275AF431906C967004BFE38 /* TCassertFunction.m */ = {isa = PBXFileReference; fileEncoding = 4; lastKnownFileType = sourcecode.c.objc; path = TCassertFunction.m; sourceTree = "<group>"; };
		E28F23D81926843A00251790 /* TCSymbolTableManager.h */ = {isa = PBXFileReference; fileEncoding = 4; lastKnownFileType = sourcecode.c.h; path = TCSymbolTableManager.h; sourceTree = "<group>"; };
		E28F23D91926843A00251790 /* TCSymbolTableManager.m */ = {isa = PBXFileReference; fileEncoding = 4; lastKnownFileType = sourcecode.c.objc; path = TCSymbolTableManager.m; sourceTree = "<group>"; };
		E2900C7C1912B7E900730BFB /* TCrandomFunction.h */ = {isa = PBXFileReference; fileEncoding = 4; lastKnownFileType = sourcecode.c.h; path = TCrandomFunction.h; sourceTree = "<group>"; };
		E2900C7D1912B7E900730BFB /* TCrandomFunction.m */ = {isa = PBXFileReference; fileEncoding = 4; lastKnownFileType = sourcecode.c.objc; path = TCrandomFunction.m; sourceTree = "<group>"; };
		E2929C6E1925483200D652D6 /* TCSymbol.h */ = {isa = PBXFileReference; fileEncoding = 4; lastKnownFileType = sourcecode.c.h; path = TCSymbol.h; sourceTree = "<group>"; };
		E2929C6F1925483200D652D6 /* TCSymbol.m */ = {isa = PBXFileReference; fileEncoding = 4; lastKnownFileType = sourcecode.c.objc; path = TCSymbol.m; sourceTree = "<group>"; };
		E2929C7119254BAF00D652D6 /* TCSymbolTable.h */ = {isa = PBXFileReference; fileEncoding = 4; lastKnownFileType = sourcecode.c.h; path = TCSymbolTable.h; sourceTree = "<group>"; };
		E2929C7219254BAF00D652D6 /* TCSymbolTable.m */ = {isa = PBXFileReference; fileEncoding = 4; lastKnownFileType = sourcecode.c.objc; path = TCSymbolTable.m; sourceTree = "<group>"; };
		E297A57618FEBC92009C7EDC /* TCTypeParser.h */ = {isa = PBXFileReference; fileEncoding = 4; lastKnownFileType = sourcecode.c.h; path = TCTypeParser.h; sourceTree = "<group>"; };
		E297A57718FEBC92009C7EDC /* TCTypeParser.m */ = {isa = PBXFileReference; fileEncoding = 4; lastKnownFileType = sourcecode.c.objc; path = TCTypeParser.m; sourceTree = "<group>"; };
/* End PBXFileReference section */

/* Begin PBXFrameworksBuildPhase section */
		E262FDC618F8478400DFC135 /* Frameworks */ = {
			isa = PBXFrameworksBuildPhase;
			buildActionMask = 2147483647;
			files = (
				E262FDCD18F8478400DFC135 /* Foundation.framework in Frameworks */,
			);
			runOnlyForDeploymentPostprocessing = 0;
		};
/* End PBXFrameworksBuildPhase section */

/* Begin PBXGroup section */
		E2609A7E1901A323001EF080 /* Functions */ = {
			isa = PBXGroup;
			children = (
				E2609A781901A0F4001EF080 /* TCFunction.h */,
				E2609A791901A0F4001EF080 /* TCFunction.m */,
				E2609A7B1901A18D001EF080 /* TCmallocFunction.h */,
				E2609A7C1901A18D001EF080 /* TCmallocFunction.m */,
				E26BFC591AD31CAE00C6B7F7 /* TCstrlenFunction.h */,
				E26BFC571AD31C9100C6B7F7 /* TCstrlenFunction.m */,
				E275AF421906C967004BFE38 /* TCassertFunction.h */,
				E275AF431906C967004BFE38 /* TCassertFunction.m */,
				E2609A821901A3B0001EF080 /* TCprintfFunction.h */,
				E2609A831901A3B0001EF080 /* TCprintfFunction.m */,
				E2900C7C1912B7E900730BFB /* TCrandomFunction.h */,
				E2900C7D1912B7E900730BFB /* TCrandomFunction.m */,
				E2609A871901B13E001EF080 /* TC_arrayFunction.h */,
				E2609A881901B13E001EF080 /* TC_arrayFunction.m */,
				E2609A7F1901A34E001EF080 /* TCfreeFunction.h */,
				E2609A801901A34E001EF080 /* TCfreeFunction.m */,
			);
			name = Functions;
			sourceTree = "<group>";
		};
		E2609A851901A980001EF080 /* Expressions */ = {
			isa = PBXGroup;
			children = (
				E262FDE418F847BA00DFC135 /* TCExpression.h */,
				E262FDE518F847BA00DFC135 /* TCExpression.m */,
				E262FDE618F847BA00DFC135 /* TCExpressionInterpreter.h */,
				E262FDE718F847BA00DFC135 /* TCExpressionInterpreter.m */,
				E262FDFA18F847BA00DFC135 /* TCValue.h */,
				E262FDFB18F847BA00DFC135 /* TCValue.m */,
				E262FE1418F8645300DFC135 /* NSString+NSStringFormatting.h */,
				E262FE1518F8645300DFC135 /* NSString+NSStringFormatting.m */,
			);
			name = Expressions;
			sourceTree = "<group>";
		};
		E2609A861901A994001EF080 /* Symbols */ = {
			isa = PBXGroup;
			children = (
				E262FDF218F847BA00DFC135 /* TCRuntimeSymbol.h */,
				E262FDF318F847BA00DFC135 /* TCRuntimeSymbol.m */,
				E262FDF418F847BA00DFC135 /* TCRuntimeSymbolTable.h */,
				E262FDF518F847BA00DFC135 /* TCRuntimeSymbolTable.m */,
			);
			name = Symbols;
			sourceTree = "<group>";
		};
		E262FDC018F8478400DFC135 = {
			isa = PBXGroup;
			children = (
				E262FDCE18F8478400DFC135 /* TinyC */,
				E262FDCB18F8478400DFC135 /* Frameworks */,
				E262FDCA18F8478400DFC135 /* Products */,
			);
			sourceTree = "<group>";
		};
		E262FDCA18F8478400DFC135 /* Products */ = {
			isa = PBXGroup;
			children = (
				E262FDC918F8478400DFC135 /* TinyC */,
			);
			name = Products;
			sourceTree = "<group>";
		};
		E262FDCB18F8478400DFC135 /* Frameworks */ = {
			isa = PBXGroup;
			children = (
				E262FDCC18F8478400DFC135 /* Foundation.framework */,
			);
			name = Frameworks;
			sourceTree = "<group>";
		};
		E262FDCE18F8478400DFC135 /* TinyC */ = {
			isa = PBXGroup;
			children = (
				E262FDCF18F8478400DFC135 /* main.m */,
				E262FE0E18F8481000DFC135 /* TinyC.h */,
				E262FE0F18F8481000DFC135 /* TinyC.m */,
				E2929C6D1925480D00D652D6 /* Symbol Table */,
				E262FE1118F8489B00DFC135 /* Semantic Parsing */,
				E262FE1218F848C400DFC135 /* Interpreter */,
				E262FE1318F848D900DFC135 /* Lexical Analysis */,
				E262FE0D18F847C900DFC135 /* Documentation */,
				E262FDD118F8478400DFC135 /* Supporting Files */,
			);
			path = TinyC;
			sourceTree = "<group>";
		};
		E262FDD118F8478400DFC135 /* Supporting Files */ = {
			isa = PBXGroup;
			children = (
				E262FDD218F8478400DFC135 /* TinyC-Prefix.pch */,
			);
			name = "Supporting Files";
			sourceTree = "<group>";
		};
		E262FE0D18F847C900DFC135 /* Documentation */ = {
			isa = PBXGroup;
			children = (
				E262FDD318F8478400DFC135 /* TinyC.1 */,
				E262FDDA18F847BA00DFC135 /* DevNotes.txt */,
			);
			name = Documentation;
			sourceTree = "<group>";
		};
		E262FE1118F8489B00DFC135 /* Semantic Parsing */ = {
			isa = PBXGroup;
			children = (
				E262FDEC18F847BA00DFC135 /* TCModuleParser.h */,
				E262FDED18F847BA00DFC135 /* TCModuleParser.m */,
				E262FDE018F847BA00DFC135 /* TCDeclarationParser.h */,
				E262FDE118F847BA00DFC135 /* TCDeclarationParser.m */,
				E297A57618FEBC92009C7EDC /* TCTypeParser.h */,
				E297A57718FEBC92009C7EDC /* TCTypeParser.m */,
				E262FDF018F847BA00DFC135 /* TCStatementParser.h */,
				E262FDF118F847BA00DFC135 /* TCStatementParser.m */,
				E262FDEA18F847BA00DFC135 /* TCIfParser.h */,
				E262FDEB18F847BA00DFC135 /* TCIfParser.m */,
				E262FDDC18F847BA00DFC135 /* TCAssignmentParser.h */,
				E262FDDD18F847BA00DFC135 /* TCAssignmentParser.m */,
				E262FDE818F847BA00DFC135 /* TCExpressionParser.h */,
				E262FDE918F847BA00DFC135 /* TCExpressionParser.m */,
				E262FDF618F847BA00DFC135 /* TCSyntaxNode.h */,
				E262FDF718F847BA00DFC135 /* TCSyntaxNode.m */,
			);
			name = "Semantic Parsing";
			sourceTree = "<group>";
		};
		E262FE1218F848C400DFC135 /* Interpreter */ = {
			isa = PBXGroup;
			children = (
				E2609A861901A994001EF080 /* Symbols */,
				E2609A7E1901A323001EF080 /* Functions */,
				E2609A851901A980001EF080 /* Expressions */,
				E262FE1918FC2BE700DFC135 /* TCStorageManager.h */,
				E262FE1A18FC2BE700DFC135 /* TCStorageManager.m */,
				E262FDDE18F847BA00DFC135 /* TCExecutionContext.h */,
				E262FDDF18F847BA00DFC135 /* TCExecutionContext.m */,
				E262FDE218F847BA00DFC135 /* TCError.h */,
				E262FDE318F847BA00DFC135 /* TCError.m */,
			);
			name = Interpreter;
			sourceTree = "<group>";
		};
		E262FE1318F848D900DFC135 /* Lexical Analysis */ = {
			isa = PBXGroup;
			children = (
				E262FDEE18F847BA00DFC135 /* TCLexicalScanner.h */,
				E262FDEF18F847BA00DFC135 /* TCLexicalScanner.m */,
				E262FDF818F847BA00DFC135 /* TCToken.h */,
				E262FDF918F847BA00DFC135 /* TCToken.m */,
			);
			name = "Lexical Analysis";
			sourceTree = "<group>";
		};
		E2929C6D1925480D00D652D6 /* Symbol Table */ = {
			isa = PBXGroup;
			children = (
				E2929C6E1925483200D652D6 /* TCSymbol.h */,
				E2929C6F1925483200D652D6 /* TCSymbol.m */,
				E2929C7119254BAF00D652D6 /* TCSymbolTable.h */,
				E2929C7219254BAF00D652D6 /* TCSymbolTable.m */,
				E28F23D81926843A00251790 /* TCSymbolTableManager.h */,
				E28F23D91926843A00251790 /* TCSymbolTableManager.m */,
			);
			name = "Symbol Table";
			sourceTree = "<group>";
		};
/* End PBXGroup section */

/* Begin PBXNativeTarget section */
		E262FDC818F8478400DFC135 /* TinyC */ = {
			isa = PBXNativeTarget;
			buildConfigurationList = E262FDD718F8478400DFC135 /* Build configuration list for PBXNativeTarget "TinyC" */;
			buildPhases = (
				E262FDC518F8478400DFC135 /* Sources */,
				E262FDC618F8478400DFC135 /* Frameworks */,
				E262FDC718F8478400DFC135 /* CopyFiles */,
			);
			buildRules = (
			);
			dependencies = (
			);
			name = TinyC;
			productName = TinyC;
			productReference = E262FDC918F8478400DFC135 /* TinyC */;
			productType = "com.apple.product-type.tool";
		};
/* End PBXNativeTarget section */

/* Begin PBXProject section */
		E262FDC118F8478400DFC135 /* Project object */ = {
			isa = PBXProject;
			attributes = {
				LastUpgradeCheck = 0510;
				ORGANIZATIONNAME = "Forest Edge";
			};
			buildConfigurationList = E262FDC418F8478400DFC135 /* Build configuration list for PBXProject "TinyC" */;
			compatibilityVersion = "Xcode 3.2";
			developmentRegion = English;
			hasScannedForEncodings = 0;
			knownRegions = (
				en,
			);
			mainGroup = E262FDC018F8478400DFC135;
			productRefGroup = E262FDCA18F8478400DFC135 /* Products */;
			projectDirPath = "";
			projectRoot = "";
			targets = (
				E262FDC818F8478400DFC135 /* TinyC */,
			);
		};
/* End PBXProject section */

/* Begin PBXSourcesBuildPhase section */
		E262FDC518F8478400DFC135 /* Sources */ = {
			isa = PBXSourcesBuildPhase;
			buildActionMask = 2147483647;
			files = (
				E2609A7D1901A18D001EF080 /* TCmallocFunction.m in Sources */,
				E262FDFD18F847BA00DFC135 /* TCAssignmentParser.m in Sources */,
				E26BFC581AD31C9100C6B7F7 /* TCstrlenFunction.m in Sources */,
				E2609A811901A34E001EF080 /* TCfreeFunction.m in Sources */,
				E2929C701925483200D652D6 /* TCSymbol.m in Sources */,
				E262FE0018F847BA00DFC135 /* TCError.m in Sources */,
				E297A57818FEBC92009C7EDC /* TCTypeParser.m in Sources */,
				E262FE0118F847BA00DFC135 /* TCExpression.m in Sources */,
				E262FDD018F8478400DFC135 /* main.m in Sources */,
				E262FE1018F8481000DFC135 /* TinyC.m in Sources */,
				E262FE0C18F847BA00DFC135 /* TCValue.m in Sources */,
				E262FE0B18F847BA00DFC135 /* TCToken.m in Sources */,
				E2609A7A1901A0F4001EF080 /* TCFunction.m in Sources */,
				E262FE0918F847BA00DFC135 /* TCRuntimeSymbolTable.m in Sources */,
				E262FE0818F847BA00DFC135 /* TCRuntimeSymbol.m in Sources */,
				E262FE0718F847BA00DFC135 /* TCStatementParser.m in Sources */,
				E262FE0418F847BA00DFC135 /* TCIfParser.m in Sources */,
				E26BFC5A1AD31CAE00C6B7F7 /* TCstrlenFunction.h in Sources */,
				E262FE0318F847BA00DFC135 /* TCExpressionParser.m in Sources */,
				E2609A891901B13E001EF080 /* TC_arrayFunction.m in Sources */,
				E275AF441906C967004BFE38 /* TCassertFunction.m in Sources */,
				E2929C7319254BAF00D652D6 /* TCSymbolTable.m in Sources */,
				E262FE0518F847BA00DFC135 /* TCModuleParser.m in Sources */,
				E28F23DA1926843A00251790 /* TCSymbolTableManager.m in Sources */,
				E262FDFE18F847BA00DFC135 /* TCExecutionContext.m in Sources */,
				E262FDFF18F847BA00DFC135 /* TCDeclarationParser.m in Sources */,
				E262FE1618F8645300DFC135 /* NSString+NSStringFormatting.m in Sources */,
				E2609A841901A3B0001EF080 /* TCprintfFunction.m in Sources */,
				E2900C7E1912B7E900730BFB /* TCrandomFunction.m in Sources */,
				E262FE0618F847BA00DFC135 /* TCLexicalScanner.m in Sources */,
				E262FE0A18F847BA00DFC135 /* TCSyntaxNode.m in Sources */,
				E262FE1B18FC2BE700DFC135 /* TCStorageManager.m in Sources */,
				E262FE0218F847BA00DFC135 /* TCExpressionInterpreter.m in Sources */,
			);
			runOnlyForDeploymentPostprocessing = 0;
		};
/* End PBXSourcesBuildPhase section */

/* Begin XCBuildConfiguration section */
		E262FDD518F8478400DFC135 /* Debug */ = {
			isa = XCBuildConfiguration;
			buildSettings = {
				ALWAYS_SEARCH_USER_PATHS = NO;
				CLANG_CXX_LANGUAGE_STANDARD = "gnu++0x";
				CLANG_CXX_LIBRARY = "libc++";
				CLANG_ENABLE_MODULES = YES;
				CLANG_ENABLE_OBJC_ARC = YES;
				CLANG_WARN_BOOL_CONVERSION = YES;
				CLANG_WARN_CONSTANT_CONVERSION = YES;
				CLANG_WARN_DIRECT_OBJC_ISA_USAGE = YES_ERROR;
				CLANG_WARN_EMPTY_BODY = YES;
				CLANG_WARN_ENUM_CONVERSION = YES;
				CLANG_WARN_INT_CONVERSION = YES;
				CLANG_WARN_OBJC_ROOT_CLASS = YES_ERROR;
				CLANG_WARN__DUPLICATE_METHOD_MATCH = YES;
				COPY_PHASE_STRIP = NO;
				GCC_C_LANGUAGE_STANDARD = gnu99;
				GCC_DYNAMIC_NO_PIC = NO;
				GCC_ENABLE_OBJC_EXCEPTIONS = YES;
				GCC_OPTIMIZATION_LEVEL = 0;
				GCC_PREPROCESSOR_DEFINITIONS = (
					"DEBUG=1",
					"$(inherited)",
				);
				GCC_SYMBOLS_PRIVATE_EXTERN = NO;
				GCC_WARN_64_TO_32_BIT_CONVERSION = YES;
				GCC_WARN_ABOUT_RETURN_TYPE = YES_ERROR;
				GCC_WARN_UNDECLARED_SELECTOR = YES;
				GCC_WARN_UNINITIALIZED_AUTOS = YES_AGGRESSIVE;
				GCC_WARN_UNUSED_FUNCTION = YES;
				GCC_WARN_UNUSED_VARIABLE = YES;
				MACOSX_DEPLOYMENT_TARGET = 10.9;
				ONLY_ACTIVE_ARCH = YES;
				SDKROOT = macosx;
			};
			name = Debug;
		};
		E262FDD618F8478400DFC135 /* Release */ = {
			isa = XCBuildConfiguration;
			buildSettings = {
				ALWAYS_SEARCH_USER_PATHS = NO;
				CLANG_CXX_LANGUAGE_STANDARD = "gnu++0x";
				CLANG_CXX_LIBRARY = "libc++";
				CLANG_ENABLE_MODULES = YES;
				CLANG_ENABLE_OBJC_ARC = YES;
				CLANG_WARN_BOOL_CONVERSION = YES;
				CLANG_WARN_CONSTANT_CONVERSION = YES;
				CLANG_WARN_DIRECT_OBJC_ISA_USAGE = YES_ERROR;
				CLANG_WARN_EMPTY_BODY = YES;
				CLANG_WARN_ENUM_CONVERSION = YES;
				CLANG_WARN_INT_CONVERSION = YES;
				CLANG_WARN_OBJC_ROOT_CLASS = YES_ERROR;
				CLANG_WARN__DUPLICATE_METHOD_MATCH = YES;
				COPY_PHASE_STRIP = YES;
				DEBUG_INFORMATION_FORMAT = "dwarf-with-dsym";
				ENABLE_NS_ASSERTIONS = NO;
				GCC_C_LANGUAGE_STANDARD = gnu99;
				GCC_ENABLE_OBJC_EXCEPTIONS = YES;
				GCC_WARN_64_TO_32_BIT_CONVERSION = YES;
				GCC_WARN_ABOUT_RETURN_TYPE = YES_ERROR;
				GCC_WARN_UNDECLARED_SELECTOR = YES;
				GCC_WARN_UNINITIALIZED_AUTOS = YES_AGGRESSIVE;
				GCC_WARN_UNUSED_FUNCTION = YES;
				GCC_WARN_UNUSED_VARIABLE = YES;
				MACOSX_DEPLOYMENT_TARGET = 10.9;
				SDKROOT = macosx;
			};
			name = Release;
		};
		E262FDD818F8478400DFC135 /* Debug */ = {
			isa = XCBuildConfiguration;
			buildSettings = {
				GCC_PRECOMPILE_PREFIX_HEADER = YES;
				GCC_PREFIX_HEADER = "TinyC/TinyC-Prefix.pch";
				PRODUCT_NAME = "$(TARGET_NAME)";
			};
			name = Debug;
		};
		E262FDD918F8478400DFC135 /* Release */ = {
			isa = XCBuildConfiguration;
			buildSettings = {
				GCC_PRECOMPILE_PREFIX_HEADER = YES;
				GCC_PREFIX_HEADER = "TinyC/TinyC-Prefix.pch";
				PRODUCT_NAME = "$(TARGET_NAME)";
			};
			name = Release;
		};
/* End XCBuildConfiguration section */

/* Begin XCConfigurationList section */
		E262FDC418F8478400DFC135 /* Build configuration list for PBXProject "TinyC" */ = {
			isa = XCConfigurationList;
			buildConfigurations = (
				E262FDD518F8478400DFC135 /* Debug */,
				E262FDD618F8478400DFC135 /* Release */,
			);
			defaultConfigurationIsVisible = 0;
			defaultConfigurationName = Release;
		};
		E262FDD718F8478400DFC135 /* Build configuration list for PBXNativeTarget "TinyC" */ = {
			isa = XCConfigurationList;
			buildConfigurations = (
				E262FDD818F8478400DFC135 /* Debug */,
				E262FDD918F8478400DFC135 /* Release */,
			);
			defaultConfigurationIsVisible = 0;
			defaultConfigurationName = Release;
		};
/* End XCConfigurationList section */
	};
	rootObject = E262FDC118F8478400DFC135 /* Project object */;
}
